<?xml version="1.0" encoding="utf-8"?>
<Project ToolsVersion="4.0" xmlns="http://schemas.microsoft.com/developer/msbuild/2003">
  <ItemGroup>
    <ClCompile Include="tracking.cpp" />
  </ItemGroup>
  <ItemGroup>
    <Media Include="resources\pote1.mp4" />
    <Media Include="resources\tracking_2.mp4" />
  </ItemGroup>
</Project>